
Microsoft Visual Studio Solution File, Format Version 12.00
# Visual Studio Version 16
VisualStudioVersion = 16.0.29806.167
MinimumVisualStudioVersion = 10.0.40219.1
Project("{FAE04EC0-301F-11D3-BF4B-00C04F79EFBC}") = "Project", "Project.csproj", "{B047255F-62E6-4504-9648-668F1B594AEE}"
EndProject
Global
	GlobalSection(SolutionConfigurationPlatforms) = preSolution
		Debug|Any CPU = Debug|Any CPU
		Release|Any CPU = Release|Any CPU
	EndGlobalSection
	GlobalSection(ProjectConfigurationPlatforms) = postSolution
		{B047255F-62E6-4504-9648-668F1B594AEE}.Debug|Any CPU.ActiveCfg = Debug|Any CPU
		{B047255F-62E6-4504-9648-668F1B594AEE}.Debug|Any CPU.Build.0 = Debug|Any CPU
		{B047255F-62E6-4504-9648-668F1B594AEE}.Release|Any CPU.ActiveCfg = Release|Any CPU
		{B047255F-62E6-4504-9648-668F1B594AEE}.Release|Any CPU.Build.0 = Release|Any CPU
	EndGlobalSection
	GlobalSection(SolutionProperties) = preSolution
		HideSolutionNode = FALSE
	EndGlobalSection
	GlobalSection(ExtensibilityGlobals) = postSolution
		SolutionGuid = {A07AB0E6-1214-4D56-A7A5-6C019F0DF670}
	EndGlobalSection
EndGlobal
